
Microsoft Visual Studio Solution File, Format Version 12.00
# Visual Studio 2013
VisualStudioVersion = 12.0.31101.0
MinimumVisualStudioVersion = 10.0.40219.1
Project("{FAE04EC0-301F-11D3-BF4B-00C04F79EFBC}") = "Program1", "Program1\Program1.csproj", "{BF066CCA-5053-4828-BC99-1FCFB7F9F2DB}"
EndProject
Project("{FAE04EC0-301F-11D3-BF4B-00C04F79EFBC}") = "Program2", "Program2\Program2.csproj", "{130C8642-6EEA-40D6-AFF2-7750C2661D51}"
EndProject
Project("{FAE04EC0-301F-11D3-BF4B-00C04F79EFBC}") = "Program3", "Program3\Program3.csproj", "{F1EB7248-BF7B-46BF-B52A-018BF5F34AC1}"
EndProject
Project("{FAE04EC0-301F-11D3-BF4B-00C04F79EFBC}") = "Program4", "Program4\Program4.csproj", "{2303FA82-0538-433C-B34F-DB02CB479728}"
EndProject
Project("{FAE04EC0-301F-11D3-BF4B-00C04F79EFBC}") = "Program5", "Program5\Program5.csproj", "{B89856DE-AA8F-4768-A4B8-FC620A9FA81A}"
EndProject
Project("{FAE04EC0-301F-11D3-BF4B-00C04F79EFBC}") = "Program6", "Program6\Program6.csproj", "{90EB684E-D820-47FD-84F7-565E8142D6AD}"
EndProject
Project("{FAE04EC0-301F-11D3-BF4B-00C04F79EFBC}") = "Program7", "Program7\Program7.csproj", "{3945B4D9-84C3-4CED-A808-31366E46D05B}"
EndProject
Project("{FAE04EC0-301F-11D3-BF4B-00C04F79EFBC}") = "Program8", "Program8\Program8.csproj", "{6FBCFEA8-2E4B-4056-9875-E1F5A85A4EAD}"
EndProject
Project("{FAE04EC0-301F-11D3-BF4B-00C04F79EFBC}") = "Program9", "Program9\Program9.csproj", "{4E6414A2-8F95-433B-BD12-FA57A10F0A82}"
EndProject
Project("{FAE04EC0-301F-11D3-BF4B-00C04F79EFBC}") = "Program10", "Program10\Program10.csproj", "{0E4DB3EB-FC9E-4B04-9AC2-64EE1BFFB61A}"
EndProject
Project("{FAE04EC0-301F-11D3-BF4B-00C04F79EFBC}") = "Program12", "Program12\Program12.csproj", "{8F7C33BB-19B1-4B5D-AB3B-ED3FFDC073B9}"
EndProject
Project("{FAE04EC0-301F-11D3-BF4B-00C04F79EFBC}") = "Program14", "Program14\Program14.csproj", "{52C46399-3A48-42AE-BD3E-F9619EEF6603}"
EndProject
Project("{FAE04EC0-301F-11D3-BF4B-00C04F79EFBC}") = "KDDay3", "KDDay3\KDDay3.csproj", "{AF5CBF96-A2AC-460A-8A70-13B9590158B0}"
EndProject
Project("{FAE04EC0-301F-11D3-BF4B-00C04F79EFBC}") = "Program15", "Program15\Program15.csproj", "{453D186F-CD6D-4872-81D6-62608B4E1E3C}"
EndProject
Project("{FAE04EC0-301F-11D3-BF4B-00C04F79EFBC}") = "Program16", "Program16\Program16.csproj", "{C1FE8FF2-021A-4AE4-9679-424C3780ABE4}"
EndProject
Project("{FAE04EC0-301F-11D3-BF4B-00C04F79EFBC}") = "Program17", "Program17\Program17.csproj", "{0911ADDC-E0B1-4005-84C4-AF2EC444FF87}"
EndProject
Global
	GlobalSection(SolutionConfigurationPlatforms) = preSolution
		Debug|Any CPU = Debug|Any CPU
		Release|Any CPU = Release|Any CPU
	EndGlobalSection
	GlobalSection(ProjectConfigurationPlatforms) = postSolution
		{BF066CCA-5053-4828-BC99-1FCFB7F9F2DB}.Debug|Any CPU.ActiveCfg = Debug|Any CPU
		{BF066CCA-5053-4828-BC99-1FCFB7F9F2DB}.Debug|Any CPU.Build.0 = Debug|Any CPU
		{BF066CCA-5053-4828-BC99-1FCFB7F9F2DB}.Release|Any CPU.ActiveCfg = Release|Any CPU
		{BF066CCA-5053-4828-BC99-1FCFB7F9F2DB}.Release|Any CPU.Build.0 = Release|Any CPU
		{130C8642-6EEA-40D6-AFF2-7750C2661D51}.Debug|Any CPU.ActiveCfg = Debug|Any CPU
		{130C8642-6EEA-40D6-AFF2-7750C2661D51}.Debug|Any CPU.Build.0 = Debug|Any CPU
		{130C8642-6EEA-40D6-AFF2-7750C2661D51}.Release|Any CPU.ActiveCfg = Release|Any CPU
		{130C8642-6EEA-40D6-AFF2-7750C2661D51}.Release|Any CPU.Build.0 = Release|Any CPU
		{F1EB7248-BF7B-46BF-B52A-018BF5F34AC1}.Debug|Any CPU.ActiveCfg = Debug|Any CPU
		{F1EB7248-BF7B-46BF-B52A-018BF5F34AC1}.Debug|Any CPU.Build.0 = Debug|Any CPU
		{F1EB7248-BF7B-46BF-B52A-018BF5F34AC1}.Release|Any CPU.ActiveCfg = Release|Any CPU
		{F1EB7248-BF7B-46BF-B52A-018BF5F34AC1}.Release|Any CPU.Build.0 = Release|Any CPU
		{2303FA82-0538-433C-B34F-DB02CB479728}.Debug|Any CPU.ActiveCfg = Debug|Any CPU
		{2303FA82-0538-433C-B34F-DB02CB479728}.Debug|Any CPU.Build.0 = Debug|Any CPU
		{2303FA82-0538-433C-B34F-DB02CB479728}.Release|Any CPU.ActiveCfg = Release|Any CPU
		{2303FA82-0538-433C-B34F-DB02CB479728}.Release|Any CPU.Build.0 = Release|Any CPU
		{B89856DE-AA8F-4768-A4B8-FC620A9FA81A}.Debug|Any CPU.ActiveCfg = Debug|Any CPU
		{B89856DE-AA8F-4768-A4B8-FC620A9FA81A}.Debug|Any CPU.Build.0 = Debug|Any CPU
		{B89856DE-AA8F-4768-A4B8-FC620A9FA81A}.Release|Any CPU.ActiveCfg = Release|Any CPU
		{B89856DE-AA8F-4768-A4B8-FC620A9FA81A}.Release|Any CPU.Build.0 = Release|Any CPU
		{90EB684E-D820-47FD-84F7-565E8142D6AD}.Debug|Any CPU.ActiveCfg = Debug|Any CPU
		{90EB684E-D820-47FD-84F7-565E8142D6AD}.Debug|Any CPU.Build.0 = Debug|Any CPU
		{90EB684E-D820-47FD-84F7-565E8142D6AD}.Release|Any CPU.ActiveCfg = Release|Any CPU
		{90EB684E-D820-47FD-84F7-565E8142D6AD}.Release|Any CPU.Build.0 = Release|Any CPU
		{3945B4D9-84C3-4CED-A808-31366E46D05B}.Debug|Any CPU.ActiveCfg = Debug|Any CPU
		{3945B4D9-84C3-4CED-A808-31366E46D05B}.Debug|Any CPU.Build.0 = Debug|Any CPU
		{3945B4D9-84C3-4CED-A808-31366E46D05B}.Release|Any CPU.ActiveCfg = Release|Any CPU
		{3945B4D9-84C3-4CED-A808-31366E46D05B}.Release|Any CPU.Build.0 = Release|Any CPU
		{6FBCFEA8-2E4B-4056-9875-E1F5A85A4EAD}.Debug|Any CPU.ActiveCfg = Debug|Any CPU
		{6FBCFEA8-2E4B-4056-9875-E1F5A85A4EAD}.Debug|Any CPU.Build.0 = Debug|Any CPU
		{6FBCFEA8-2E4B-4056-9875-E1F5A85A4EAD}.Release|Any CPU.ActiveCfg = Release|Any CPU
		{6FBCFEA8-2E4B-4056-9875-E1F5A85A4EAD}.Release|Any CPU.Build.0 = Release|Any CPU
		{4E6414A2-8F95-433B-BD12-FA57A10F0A82}.Debug|Any CPU.ActiveCfg = Debug|Any CPU
		{4E6414A2-8F95-433B-BD12-FA57A10F0A82}.Debug|Any CPU.Build.0 = Debug|Any CPU
		{4E6414A2-8F95-433B-BD12-FA57A10F0A82}.Release|Any CPU.ActiveCfg = Release|Any CPU
		{4E6414A2-8F95-433B-BD12-FA57A10F0A82}.Release|Any CPU.Build.0 = Release|Any CPU
		{0E4DB3EB-FC9E-4B04-9AC2-64EE1BFFB61A}.Debug|Any CPU.ActiveCfg = Debug|Any CPU
		{0E4DB3EB-FC9E-4B04-9AC2-64EE1BFFB61A}.Debug|Any CPU.Build.0 = Debug|Any CPU
		{0E4DB3EB-FC9E-4B04-9AC2-64EE1BFFB61A}.Release|Any CPU.ActiveCfg = Release|Any CPU
		{0E4DB3EB-FC9E-4B04-9AC2-64EE1BFFB61A}.Release|Any CPU.Build.0 = Release|Any CPU
		{8F7C33BB-19B1-4B5D-AB3B-ED3FFDC073B9}.Debug|Any CPU.ActiveCfg = Debug|Any CPU
		{8F7C33BB-19B1-4B5D-AB3B-ED3FFDC073B9}.Debug|Any CPU.Build.0 = Debug|Any CPU
		{8F7C33BB-19B1-4B5D-AB3B-ED3FFDC073B9}.Release|Any CPU.ActiveCfg = Release|Any CPU
		{8F7C33BB-19B1-4B5D-AB3B-ED3FFDC073B9}.Release|Any CPU.Build.0 = Release|Any CPU
		{52C46399-3A48-42AE-BD3E-F9619EEF6603}.Debug|Any CPU.ActiveCfg = Debug|Any CPU
		{52C46399-3A48-42AE-BD3E-F9619EEF6603}.Debug|Any CPU.Build.0 = Debug|Any CPU
		{52C46399-3A48-42AE-BD3E-F9619EEF6603}.Release|Any CPU.ActiveCfg = Release|Any CPU
		{52C46399-3A48-42AE-BD3E-F9619EEF6603}.Release|Any CPU.Build.0 = Release|Any CPU
		{AF5CBF96-A2AC-460A-8A70-13B9590158B0}.Debug|Any CPU.ActiveCfg = Debug|Any CPU
		{AF5CBF96-A2AC-460A-8A70-13B9590158B0}.Debug|Any CPU.Build.0 = Debug|Any CPU
		{AF5CBF96-A2AC-460A-8A70-13B9590158B0}.Release|Any CPU.ActiveCfg = Release|Any CPU
		{AF5CBF96-A2AC-460A-8A70-13B9590158B0}.Release|Any CPU.Build.0 = Release|Any CPU
		{453D186F-CD6D-4872-81D6-62608B4E1E3C}.Debug|Any CPU.ActiveCfg = Debug|Any CPU
		{453D186F-CD6D-4872-81D6-62608B4E1E3C}.Debug|Any CPU.Build.0 = Debug|Any CPU
		{453D186F-CD6D-4872-81D6-62608B4E1E3C}.Release|Any CPU.ActiveCfg = Release|Any CPU
		{453D186F-CD6D-4872-81D6-62608B4E1E3C}.Release|Any CPU.Build.0 = Release|Any CPU
		{C1FE8FF2-021A-4AE4-9679-424C3780ABE4}.Debug|Any CPU.ActiveCfg = Debug|Any CPU
		{C1FE8FF2-021A-4AE4-9679-424C3780ABE4}.Debug|Any CPU.Build.0 = Debug|Any CPU
		{C1FE8FF2-021A-4AE4-9679-424C3780ABE4}.Release|Any CPU.ActiveCfg = Release|Any CPU
		{C1FE8FF2-021A-4AE4-9679-424C3780ABE4}.Release|Any CPU.Build.0 = Release|Any CPU
		{0911ADDC-E0B1-4005-84C4-AF2EC444FF87}.Debug|Any CPU.ActiveCfg = Debug|Any CPU
		{0911ADDC-E0B1-4005-84C4-AF2EC444FF87}.Debug|Any CPU.Build.0 = Debug|Any CPU
		{0911ADDC-E0B1-4005-84C4-AF2EC444FF87}.Release|Any CPU.ActiveCfg = Release|Any CPU
		{0911ADDC-E0B1-4005-84C4-AF2EC444FF87}.Release|Any CPU.Build.0 = Release|Any CPU
	EndGlobalSection
	GlobalSection(SolutionProperties) = preSolution
		HideSolutionNode = FALSE
	EndGlobalSection
EndGlobal
